{
  "originHash" : "712f5ea61c17fc457f3a6ae74293061e85e2ce760c2858e2a72baeb90f65ece6",
  "pins" : [
    {
      "identity" : "abseil-cpp-binary",
      "kind" : "remoteSourceControl",
      "location" : "https://github.com/google/abseil-cpp-binary.git",
      "state" : {
        "revision" : "194a6706acbd25e4ef639bcaddea16e8758a3e27",
        "version" : "1.2024011602.0"
      }
    },
    {
      "identity" : "alamofire",
      "kind" : "remoteSourceControl",
      "location" : "https://github.com/Alamofire/Alamofire",
      "state" : {
        "revision" : "3dc6a42c7727c49bf26508e29b0a0b35f9c7e1ad",
        "version" : "5.8.1"
      }
    },
    {
      "identity" : "alerttoast",
      "kind" : "remoteSourceControl",
      "location" : "https://github.com/elai950/AlertToast.git",
      "state" : {
        "revision" : "b39252eacd159904afd7d718bba0afabb87f2f2f",
        "version" : "1.3.9"
      }
    },
    {
      "identity" : "animatedimage",
      "kind" : "remoteSourceControl",
      "location" : "https://github.com/noppefoxwolf/AnimatedImage",
      "state" : {
        "revision" : "de4c3e3585557c0a5787958b59defe83e279220f",
        "version" : "0.0.8"
      }
    },
    {
      "identity" : "app-check",
      "kind" : "remoteSourceControl",
      "location" : "https://github.com/google/app-check.git",
      "state" : {
        "revision" : "87dd288fc792bf9751e522e171a47df5b783b0b8",
        "version" : "11.1.0"
      }
    },
    {
      "identity" : "appauth-ios",
      "kind" : "remoteSourceControl",
      "location" : "https://github.com/openid/AppAuth-iOS.git",
      "state" : {
        "revision" : "71cde449f13d453227e687458144bde372d30fc7",
        "version" : "1.6.2"
      }
    },
    {
      "identity" : "appsflyerframework",
      "kind" : "remoteSourceControl",
      "location" : "https://github.com/AppsFlyerSDK/AppsFlyerFramework",
      "state" : {
        "revision" : "7cf56a908fb602ffaab7a85e6697c6f383fdcf96",
        "version" : "6.11.1"
      }
    },
    {
      "identity" : "firebase-ios-sdk",
      "kind" : "remoteSourceControl",
      "location" : "https://github.com/firebase/firebase-ios-sdk",
      "state" : {
        "revision" : "f909f901bfba9e27e4e9da83242a4915d6dd64bb",
        "version" : "11.3.0"
      }
    },
    {
      "identity" : "floatinglabeltextfieldswiftui",
      "kind" : "remoteSourceControl",
      "location" : "https://github.com/kishanraja/FloatingLabelTextFieldSwiftUI",
      "state" : {
        "revision" : "2f69aac37adc5f7dfd89cac10f1c8dff3219fd49",
        "version" : "5.0.0"
      }
    },
    {
      "identity" : "googleappmeasurement",
      "kind" : "remoteSourceControl",
      "location" : "https://github.com/google/GoogleAppMeasurement.git",
      "state" : {
        "revision" : "93406fd21b85e66e2d6dbf50b472161fd75c3f1f",
        "version" : "11.3.0"
      }
    },
    {
      "identity" : "googledatatransport",
      "kind" : "remoteSourceControl",
      "location" : "https://github.com/google/GoogleDataTransport.git",
      "state" : {
        "revision" : "617af071af9aa1d6a091d59a202910ac482128f9",
        "version" : "10.1.0"
      }
    },
    {
      "identity" : "googlesignin-ios",
      "kind" : "remoteSourceControl",
      "location" : "https://github.com/google/GoogleSignIn-iOS",
      "state" : {
        "revision" : "7932d33686c1dc4d7df7a919aae47361d1cdfda4",
        "version" : "7.0.0"
      }
    },
    {
      "identity" : "googleutilities",
      "kind" : "remoteSourceControl",
      "location" : "https://github.com/google/GoogleUtilities.git",
      "state" : {
        "revision" : "53156c7ec267db846e6b64c9f4c4e31ba4cf75eb",
        "version" : "8.0.2"
      }
    },
    {
      "identity" : "gptencoder",
      "kind" : "remoteSourceControl",
      "location" : "https://github.com/alfianlosari/GPTEncoder.git",
      "state" : {
        "revision" : "a86968867ab4380e36b904a14c42215f71efe8b4",
        "version" : "1.0.4"
      }
    },
    {
      "identity" : "grpc-binary",
      "kind" : "remoteSourceControl",
      "location" : "https://github.com/google/grpc-binary.git",
      "state" : {
        "revision" : "f56d8fc3162de9a498377c7b6cea43431f4f5083",
        "version" : "1.65.1"
      }
    },
    {
      "identity" : "gtm-session-fetcher",
      "kind" : "remoteSourceControl",
      "location" : "https://github.com/google/gtm-session-fetcher.git",
      "state" : {
        "revision" : "a2ab612cb980066ee56d90d60d8462992c07f24b",
        "version" : "3.5.0"
      }
    },
    {
      "identity" : "gtmappauth",
      "kind" : "remoteSourceControl",
      "location" : "https://github.com/google/GTMAppAuth.git",
      "state" : {
        "revision" : "cee3c709307912d040bd1e06ca919875a92339c6",
        "version" : "2.0.0"
      }
    },
    {
      "identity" : "interop-ios-for-google-sdks",
      "kind" : "remoteSourceControl",
      "location" : "https://github.com/google/interop-ios-for-google-sdks.git",
      "state" : {
        "revision" : "2d12673670417654f08f5f90fdd62926dc3a2648",
        "version" : "100.0.0"
      }
    },
    {
      "identity" : "kingfisher",
      "kind" : "remoteSourceControl",
      "location" : "https://github.com/onevcat/Kingfisher.git",
      "state" : {
        "revision" : "c0940e241945e6378c01fbd45fd3815579d47ef5",
        "version" : "8.1.0"
      }
    },
    {
      "identity" : "leveldb",
      "kind" : "remoteSourceControl",
      "location" : "https://github.com/firebase/leveldb.git",
      "state" : {
        "revision" : "9d108e9112aa1d65ce508facf804674546116d9c",
        "version" : "1.22.3"
      }
    },
    {
      "identity" : "mixpanel-swift",
      "kind" : "remoteSourceControl",
      "location" : "https://github.com/mixpanel/mixpanel-swift",
      "state" : {
        "branch" : "master",
        "revision" : "61ce9b40817466fb1334db1d7a582fbaf616ab4c"
      }
    },
    {
      "identity" : "mrzparser",
      "kind" : "remoteSourceControl",
      "location" : "https://github.com/appintheair/MRZParser.git",
      "state" : {
        "revision" : "64b73fae8092b31d0a378f0d000c244470c7ac44",
        "version" : "1.1.3"
      }
    },
    {
      "identity" : "mrzscanner",
      "kind" : "remoteSourceControl",
      "location" : "https://github.com/appintheair/MRZScanner.git",
      "state" : {
        "revision" : "aad052bdb69e56800271a268daa6ba0f7c755812",
        "version" : "1.1.2"
      }
    },
    {
      "identity" : "nanopb",
      "kind" : "remoteSourceControl",
      "location" : "https://github.com/firebase/nanopb.git",
      "state" : {
        "revision" : "b7e1104502eca3a213b46303391ca4d3bc8ddec1",
        "version" : "2.30910.0"
      }
    },
    {
      "identity" : "popupview",
      "kind" : "remoteSourceControl",
      "location" : "https://github.com/exyte/PopupView.git",
      "state" : {
        "revision" : "c382cb80e2148daf1da2d7077a6b0e11faae8269",
        "version" : "2.5.0"
      }
    },
    {
      "identity" : "promises",
      "kind" : "remoteSourceControl",
      "location" : "https://github.com/google/promises.git",
      "state" : {
        "revision" : "540318ecedd63d883069ae7f1ed811a2df00b6ac",
        "version" : "2.4.0"
      }
    },
    {
      "identity" : "purchases-ios",
      "kind" : "remoteSourceControl",
      "location" : "https://github.com/RevenueCat/purchases-ios.git",
      "state" : {
        "revision" : "6dd0cf0cc8ef81848849c5224f4039f0a0d3136f",
        "version" : "4.21.1"
      }
    },
    {
      "identity" : "sqlite.swift",
      "kind" : "remoteSourceControl",
      "location" : "https://github.com/stephencelis/SQLite.swift.git",
      "state" : {
        "revision" : "7a2e3cd27de56f6d396e84f63beefd0267b55ccb",
        "version" : "0.14.1"
      }
    },
    {
      "identity" : "swift-markdown-ui",
      "kind" : "remoteSourceControl",
      "location" : "https://github.com/gonzalezreal/swift-markdown-ui",
      "state" : {
        "revision" : "4392c3cefd08db10f13ffb019d7c7a4a622824f5",
        "version" : "2.0.2"
      }
    },
    {
      "identity" : "swift-package-manager-google-mobile-ads",
      "kind" : "remoteSourceControl",
      "location" : "https://github.com/googleads/swift-package-manager-google-mobile-ads.git",
      "state" : {
        "revision" : "1e60477cbc4c4868ec8414524f8cd163132753ff",
        "version" : "11.10.0"
      }
    },
    {
      "identity" : "swift-package-manager-google-user-messaging-platform",
      "kind" : "remoteSourceControl",
      "location" : "https://github.com/googleads/swift-package-manager-google-user-messaging-platform.git",
      "state" : {
        "revision" : "74f2ec169551c3b924947b473716142a0b983e10",
        "version" : "2.6.0"
      }
    },
    {
      "identity" : "swift-protobuf",
      "kind" : "remoteSourceControl",
      "location" : "https://github.com/apple/swift-protobuf.git",
      "state" : {
        "revision" : "07f7f26ded8df9645c072f220378879c4642e063",
        "version" : "1.25.1"
      }
    },
    {
      "identity" : "swift-syntax",
      "kind" : "remoteSourceControl",
      "location" : "https://github.com/apple/swift-syntax.git",
      "state" : {
        "revision" : "0687f71944021d616d34d922343dcef086855920",
        "version" : "600.0.1"
      }
    },
    {
      "identity" : "swiftkeychainwrapper",
      "kind" : "remoteSourceControl",
      "location" : "https://github.com/jrendel/SwiftKeychainWrapper.git",
      "state" : {
        "revision" : "185a3165346a03767101c4f62e9a545a0fe0530f",
        "version" : "4.0.1"
      }
    },
    {
      "identity" : "swiftsoup",
      "kind" : "remoteSourceControl",
      "location" : "https://github.com/scinfu/SwiftSoup",
      "state" : {
        "revision" : "8b6cf29eead8841a1fa7822481cb3af4ddaadba6",
        "version" : "2.6.1"
      }
    },
    {
      "identity" : "swiftui-digital-signature",
      "kind" : "remoteSourceControl",
      "location" : "https://github.com/globulus/swiftui-digital-signature.git",
      "state" : {
        "revision" : "e4cc06d0f6c785dcb69ffc60cc1ffbd40eb02e18",
        "version" : "0.1.2"
      }
    },
    {
      "identity" : "swiftuiektensions",
      "kind" : "remoteSourceControl",
      "location" : "https://github.com/EnesKaraosman/SwiftUIEKtensions.git",
      "state" : {
        "revision" : "bf96c0d841d2bc81dac0d7e28aa9ab71cd7d6c2a",
        "version" : "0.4.0"
      }
    },
    {
      "identity" : "swiftychat",
      "kind" : "remoteSourceControl",
      "location" : "https://github.com/EnesKaraosman/SwiftyChat.git",
      "state" : {
        "revision" : "79027c890a27ed6bb08b434b8b7119c8d681be05",
        "version" : "2.7.3"
      }
    },
    {
      "identity" : "tocropviewcontroller",
      "kind" : "remoteSourceControl",
      "location" : "https://github.com/TimOliver/TOCropViewController",
      "state" : {
        "revision" : "d0470491f56e734731bbf77991944c0dfdee3e0e",
        "version" : "2.6.1"
      }
    },
    {
      "identity" : "vcomponents",
      "kind" : "remoteSourceControl",
      "location" : "https://github.com/VakhoKontridze/VComponents.git",
      "state" : {
        "revision" : "57577c51d99419c3afe1c36ffa94ab6260057406",
        "version" : "7.0.0"
      }
    },
    {
      "identity" : "vcore",
      "kind" : "remoteSourceControl",
      "location" : "https://github.com/VakhoKontridze/VCore",
      "state" : {
        "revision" : "07f0cf6dc82320ca3457991d99a68b7f4dd8ac27",
        "version" : "7.0.1"
      }
    },
    {
      "identity" : "webview",
      "kind" : "remoteSourceControl",
      "location" : "https://github.com/phatblat/WebView.git",
      "state" : {
        "revision" : "f41d4b73c19bdb4b0227fd43b2d464d6c2e8d64e",
        "version" : "0.1.1"
      }
    },
    {
      "identity" : "wrappinghstack",
      "kind" : "remoteSourceControl",
      "location" : "https://github.com/dkk/WrappingHStack.git",
      "state" : {
        "revision" : "425d9488ba55f58f0b34498c64c054c77fc2a44b",
        "version" : "2.2.11"
      }
    }
  ],
  "version" : 3
}
